
Microsoft Visual Studio Solution File, Format Version 12.00
# Visual Studio Version 16
VisualStudioVersion = 16.0.30413.136
MinimumVisualStudioVersion = 10.0.40219.1
Project("{FAE04EC0-301F-11D3-BF4B-00C04F79EFBC}") = "AdoNetSales", "AdoNetSales\AdoNetSales.csproj", "{CC5D42DF-8BEB-468C-9DCE-857CEBC9F248}"
EndProject
Global
	GlobalSection(SolutionConfigurationPlatforms) = preSolution
		Debug|Any CPU = Debug|Any CPU
		Release|Any CPU = Release|Any CPU
	EndGlobalSection
	GlobalSection(ProjectConfigurationPlatforms) = postSolution
		{CC5D42DF-8BEB-468C-9DCE-857CEBC9F248}.Debug|Any CPU.ActiveCfg = Debug|Any CPU
		{CC5D42DF-8BEB-468C-9DCE-857CEBC9F248}.Debug|Any CPU.Build.0 = Debug|Any CPU
		{CC5D42DF-8BEB-468C-9DCE-857CEBC9F248}.Release|Any CPU.ActiveCfg = Release|Any CPU
		{CC5D42DF-8BEB-468C-9DCE-857CEBC9F248}.Release|Any CPU.Build.0 = Release|Any CPU
	EndGlobalSection
	GlobalSection(SolutionProperties) = preSolution
		HideSolutionNode = FALSE
	EndGlobalSection
	GlobalSection(ExtensibilityGlobals) = postSolution
		SolutionGuid = {FCDC6808-E5EE-4F03-B3C8-A602540CF335}
	EndGlobalSection
EndGlobal
